
Microsoft Visual Studio Solution File, Format Version 12.00
# Visual Studio 15
VisualStudioVersion = 15.0.27004.2002
MinimumVisualStudioVersion = 10.0.40219.1
Project("{FAE04EC0-301F-11D3-BF4B-00C04F79EFBC}") = "Database", "Database\Database.csproj", "{C2960124-07C8-4D6C-BDDE-CE0540D425FF}"
EndProject
Project("{FAE04EC0-301F-11D3-BF4B-00C04F79EFBC}") = "Customer", "Customer\Customer.csproj", "{BD5EF8C3-1DF6-4C2B-9EFC-7DE742A43D5F}"
EndProject
Project("{FAE04EC0-301F-11D3-BF4B-00C04F79EFBC}") = "Customer.BusinessEntities", "Customer.BusinessEntities\Customer.BusinessEntities.csproj", "{22BDB57D-ABE8-4868-A322-6D84C319310C}"
EndProject
Project("{FAE04EC0-301F-11D3-BF4B-00C04F79EFBC}") = "Customer.BusinessLayer", "Customer.BusinessLayer\Customer.BusinessLayer.csproj", "{875C95CD-CA78-4298-AB55-2E59E04D0DC0}"
EndProject
Project("{FAE04EC0-301F-11D3-BF4B-00C04F79EFBC}") = "Customer.DataLayer", "Customer.DataLayer\Customer.DataLayer.csproj", "{8FD2816A-39D4-45E0-9036-DD0DE67D481B}"
EndProject
Global
	GlobalSection(SolutionConfigurationPlatforms) = preSolution
		Debug|Any CPU = Debug|Any CPU
		Release|Any CPU = Release|Any CPU
	EndGlobalSection
	GlobalSection(ProjectConfigurationPlatforms) = postSolution
		{C2960124-07C8-4D6C-BDDE-CE0540D425FF}.Debug|Any CPU.ActiveCfg = Debug|Any CPU
		{C2960124-07C8-4D6C-BDDE-CE0540D425FF}.Debug|Any CPU.Build.0 = Debug|Any CPU
		{C2960124-07C8-4D6C-BDDE-CE0540D425FF}.Release|Any CPU.ActiveCfg = Release|Any CPU
		{C2960124-07C8-4D6C-BDDE-CE0540D425FF}.Release|Any CPU.Build.0 = Release|Any CPU
		{BD5EF8C3-1DF6-4C2B-9EFC-7DE742A43D5F}.Debug|Any CPU.ActiveCfg = Debug|Any CPU
		{BD5EF8C3-1DF6-4C2B-9EFC-7DE742A43D5F}.Debug|Any CPU.Build.0 = Debug|Any CPU
		{BD5EF8C3-1DF6-4C2B-9EFC-7DE742A43D5F}.Release|Any CPU.ActiveCfg = Release|Any CPU
		{BD5EF8C3-1DF6-4C2B-9EFC-7DE742A43D5F}.Release|Any CPU.Build.0 = Release|Any CPU
		{22BDB57D-ABE8-4868-A322-6D84C319310C}.Debug|Any CPU.ActiveCfg = Debug|Any CPU
		{22BDB57D-ABE8-4868-A322-6D84C319310C}.Debug|Any CPU.Build.0 = Debug|Any CPU
		{22BDB57D-ABE8-4868-A322-6D84C319310C}.Release|Any CPU.ActiveCfg = Release|Any CPU
		{22BDB57D-ABE8-4868-A322-6D84C319310C}.Release|Any CPU.Build.0 = Release|Any CPU
		{875C95CD-CA78-4298-AB55-2E59E04D0DC0}.Debug|Any CPU.ActiveCfg = Debug|Any CPU
		{875C95CD-CA78-4298-AB55-2E59E04D0DC0}.Debug|Any CPU.Build.0 = Debug|Any CPU
		{875C95CD-CA78-4298-AB55-2E59E04D0DC0}.Release|Any CPU.ActiveCfg = Release|Any CPU
		{875C95CD-CA78-4298-AB55-2E59E04D0DC0}.Release|Any CPU.Build.0 = Release|Any CPU
		{8FD2816A-39D4-45E0-9036-DD0DE67D481B}.Debug|Any CPU.ActiveCfg = Debug|Any CPU
		{8FD2816A-39D4-45E0-9036-DD0DE67D481B}.Debug|Any CPU.Build.0 = Debug|Any CPU
		{8FD2816A-39D4-45E0-9036-DD0DE67D481B}.Release|Any CPU.ActiveCfg = Release|Any CPU
		{8FD2816A-39D4-45E0-9036-DD0DE67D481B}.Release|Any CPU.Build.0 = Release|Any CPU
	EndGlobalSection
	GlobalSection(SolutionProperties) = preSolution
		HideSolutionNode = FALSE
	EndGlobalSection
	GlobalSection(ExtensibilityGlobals) = postSolution
		SolutionGuid = {D2DA114E-1247-4492-8D69-4E2D62373EDD}
	EndGlobalSection
EndGlobal
