
Microsoft Visual Studio Solution File, Format Version 12.00
# Visual Studio 15
VisualStudioVersion = 15.0.27428.2037
MinimumVisualStudioVersion = 10.0.40219.1
Project("{FAE04EC0-301F-11D3-BF4B-00C04F79EFBC}") = "Test", "Test\Test.csproj", "{7BCEE27B-A84E-4AFE-AF1E-4000DE95DBD9}"
EndProject
Project("{FAE04EC0-301F-11D3-BF4B-00C04F79EFBC}") = "Database", "Database\Database.csproj", "{C2960124-07C8-4D6C-BDDE-CE0540D425FF}"
EndProject
Global
	GlobalSection(SolutionConfigurationPlatforms) = preSolution
		Debug|Any CPU = Debug|Any CPU
		Release|Any CPU = Release|Any CPU
	EndGlobalSection
	GlobalSection(ProjectConfigurationPlatforms) = postSolution
		{7BCEE27B-A84E-4AFE-AF1E-4000DE95DBD9}.Debug|Any CPU.ActiveCfg = Debug|Any CPU
		{7BCEE27B-A84E-4AFE-AF1E-4000DE95DBD9}.Debug|Any CPU.Build.0 = Debug|Any CPU
		{7BCEE27B-A84E-4AFE-AF1E-4000DE95DBD9}.Release|Any CPU.ActiveCfg = Release|Any CPU
		{7BCEE27B-A84E-4AFE-AF1E-4000DE95DBD9}.Release|Any CPU.Build.0 = Release|Any CPU
		{C2960124-07C8-4D6C-BDDE-CE0540D425FF}.Debug|Any CPU.ActiveCfg = Debug|Any CPU
		{C2960124-07C8-4D6C-BDDE-CE0540D425FF}.Debug|Any CPU.Build.0 = Debug|Any CPU
		{C2960124-07C8-4D6C-BDDE-CE0540D425FF}.Release|Any CPU.ActiveCfg = Release|Any CPU
		{C2960124-07C8-4D6C-BDDE-CE0540D425FF}.Release|Any CPU.Build.0 = Release|Any CPU
	EndGlobalSection
	GlobalSection(SolutionProperties) = preSolution
		HideSolutionNode = FALSE
	EndGlobalSection
	GlobalSection(ExtensibilityGlobals) = postSolution
		SolutionGuid = {D2DA114E-1247-4492-8D69-4E2D62373EDD}
	EndGlobalSection
EndGlobal
